// !$*UTF8*$!
{
	archiveVersion = 1;
	classes = {
	};
	objectVersion = 51;
	objects = {

/* Begin PBXBuildFile section */
		2BF1DA1DBBAB82F818B91BDC /* Pods_RACDemo.framework in Frameworks */ = {isa = PBXBuildFile; fileRef = CB1A05F8C017121B0DBE2FED /* Pods_RACDemo.framework */; };
		EF82D53324DD7E9B004B3CFC /* AppDelegate.m in Sources */ = {isa = PBXBuildFile; fileRef = EF82D53224DD7E9B004B3CFC /* AppDelegate.m */; };
		EF82D53924DD7E9B004B3CFC /* ViewController.m in Sources */ = {isa = PBXBuildFile; fileRef = EF82D53824DD7E9B004B3CFC /* ViewController.m */; };
		EF82D53C24DD7E9B004B3CFC /* Main.storyboard in Resources */ = {isa = PBXBuildFile; fileRef = EF82D53A24DD7E9B004B3CFC /* Main.storyboard */; };
		EF82D53E24DD7E9D004B3CFC /* Assets.xcassets in Resources */ = {isa = PBXBuildFile; fileRef = EF82D53D24DD7E9D004B3CFC /* Assets.xcassets */; };
		EF82D54124DD7E9D004B3CFC /* LaunchScreen.storyboard in Resources */ = {isa = PBXBuildFile; fileRef = EF82D53F24DD7E9D004B3CFC /* LaunchScreen.storyboard */; };
		EF82D54424DD7E9D004B3CFC /* main.m in Sources */ = {isa = PBXBuildFile; fileRef = EF82D54324DD7E9D004B3CFC /* main.m */; };
		EF82D54C24DD83A1004B3CFC /* Person.m in Sources */ = {isa = PBXBuildFile; fileRef = EF82D54B24DD83A1004B3CFC /* Person.m */; };
/* End PBXBuildFile section */

/* Begin PBXFileReference section */
		2C2B041F742B3C66A119D589 /* Pods-RACDemo.release.xcconfig */ = {isa = PBXFileReference; includeInIndex = 1; lastKnownFileType = text.xcconfig; name = "Pods-RACDemo.release.xcconfig"; path = "Target Support Files/Pods-RACDemo/Pods-RACDemo.release.xcconfig"; sourceTree = "<group>"; };
		4AFE9866717CC6F55CD0406A /* Pods-RACDemo.debug.xcconfig */ = {isa = PBXFileReference; includeInIndex = 1; lastKnownFileType = text.xcconfig; name = "Pods-RACDemo.debug.xcconfig"; path = "Target Support Files/Pods-RACDemo/Pods-RACDemo.debug.xcconfig"; sourceTree = "<group>"; };
		CB1A05F8C017121B0DBE2FED /* Pods_RACDemo.framework */ = {isa = PBXFileReference; explicitFileType = wrapper.framework; includeInIndex = 0; path = Pods_RACDemo.framework; sourceTree = BUILT_PRODUCTS_DIR; };
		EF82D52E24DD7E9B004B3CFC /* RACDemo.app */ = {isa = PBXFileReference; explicitFileType = wrapper.application; includeInIndex = 0; path = RACDemo.app; sourceTree = BUILT_PRODUCTS_DIR; };
		EF82D53124DD7E9B004B3CFC /* AppDelegate.h */ = {isa = PBXFileReference; lastKnownFileType = sourcecode.c.h; path = AppDelegate.h; sourceTree = "<group>"; };
		EF82D53224DD7E9B004B3CFC /* AppDelegate.m */ = {isa = PBXFileReference; lastKnownFileType = sourcecode.c.objc; path = AppDelegate.m; sourceTree = "<group>"; };
		EF82D53724DD7E9B004B3CFC /* ViewController.h */ = {isa = PBXFileReference; lastKnownFileType = sourcecode.c.h; path = ViewController.h; sourceTree = "<group>"; };
		EF82D53824DD7E9B004B3CFC /* ViewController.m */ = {isa = PBXFileReference; lastKnownFileType = sourcecode.c.objc; path = ViewController.m; sourceTree = "<group>"; };
		EF82D53B24DD7E9B004B3CFC /* Base */ = {isa = PBXFileReference; lastKnownFileType = file.storyboard; name = Base; path = Base.lproj/Main.storyboard; sourceTree = "<group>"; };
		EF82D53D24DD7E9D004B3CFC /* Assets.xcassets */ = {isa = PBXFileReference; lastKnownFileType = folder.assetcatalog; path = Assets.xcassets; sourceTree = "<group>"; };
		EF82D54024DD7E9D004B3CFC /* Base */ = {isa = PBXFileReference; lastKnownFileType = file.storyboard; name = Base; path = Base.lproj/LaunchScreen.storyboard; sourceTree = "<group>"; };
		EF82D54224DD7E9D004B3CFC /* Info.plist */ = {isa = PBXFileReference; lastKnownFileType = text.plist.xml; path = Info.plist; sourceTree = "<group>"; };
		EF82D54324DD7E9D004B3CFC /* main.m */ = {isa = PBXFileReference; lastKnownFileType = sourcecode.c.objc; path = main.m; sourceTree = "<group>"; };
		EF82D54A24DD83A1004B3CFC /* Person.h */ = {isa = PBXFileReference; lastKnownFileType = sourcecode.c.h; path = Person.h; sourceTree = "<group>"; };
		EF82D54B24DD83A1004B3CFC /* Person.m */ = {isa = PBXFileReference; lastKnownFileType = sourcecode.c.objc; path = Person.m; sourceTree = "<group>"; };
/* End PBXFileReference section */

/* Begin PBXFrameworksBuildPhase section */
		EF82D52B24DD7E9B004B3CFC /* Frameworks */ = {
			isa = PBXFrameworksBuildPhase;
			buildActionMask = 2147483647;
			files = (
				2BF1DA1DBBAB82F818B91BDC /* Pods_RACDemo.framework in Frameworks */,
			);
			runOnlyForDeploymentPostprocessing = 0;
		};
/* End PBXFrameworksBuildPhase section */

/* Begin PBXGroup section */
		5719BE3337E0E371BD03C1A9 /* Frameworks */ = {
			isa = PBXGroup;
			children = (
				CB1A05F8C017121B0DBE2FED /* Pods_RACDemo.framework */,
			);
			name = Frameworks;
			sourceTree = "<group>";
		};
		7C825FB525D947A2FB62625D /* Pods */ = {
			isa = PBXGroup;
			children = (
				4AFE9866717CC6F55CD0406A /* Pods-RACDemo.debug.xcconfig */,
				2C2B041F742B3C66A119D589 /* Pods-RACDemo.release.xcconfig */,
			);
			path = Pods;
			sourceTree = "<group>";
		};
		EF82D52524DD7E9B004B3CFC = {
			isa = PBXGroup;
			children = (
				EF82D53024DD7E9B004B3CFC /* RACDemo */,
				EF82D52F24DD7E9B004B3CFC /* Products */,
				7C825FB525D947A2FB62625D /* Pods */,
				5719BE3337E0E371BD03C1A9 /* Frameworks */,
			);
			sourceTree = "<group>";
		};
		EF82D52F24DD7E9B004B3CFC /* Products */ = {
			isa = PBXGroup;
			children = (
				EF82D52E24DD7E9B004B3CFC /* RACDemo.app */,
			);
			name = Products;
			sourceTree = "<group>";
		};
		EF82D53024DD7E9B004B3CFC /* RACDemo */ = {
			isa = PBXGroup;
			children = (
				EF82D53124DD7E9B004B3CFC /* AppDelegate.h */,
				EF82D53224DD7E9B004B3CFC /* AppDelegate.m */,
				EF82D53724DD7E9B004B3CFC /* ViewController.h */,
				EF82D53824DD7E9B004B3CFC /* ViewController.m */,
				EF82D54A24DD83A1004B3CFC /* Person.h */,
				EF82D54B24DD83A1004B3CFC /* Person.m */,
				EF82D53A24DD7E9B004B3CFC /* Main.storyboard */,
				EF82D53D24DD7E9D004B3CFC /* Assets.xcassets */,
				EF82D53F24DD7E9D004B3CFC /* LaunchScreen.storyboard */,
				EF82D54224DD7E9D004B3CFC /* Info.plist */,
				EF82D54324DD7E9D004B3CFC /* main.m */,
			);
			path = RACDemo;
			sourceTree = "<group>";
		};
/* End PBXGroup section */

/* Begin PBXNativeTarget section */
		EF82D52D24DD7E9B004B3CFC /* RACDemo */ = {
			isa = PBXNativeTarget;
			buildConfigurationList = EF82D54724DD7E9D004B3CFC /* Build configuration list for PBXNativeTarget "RACDemo" */;
			buildPhases = (
				0DC07872D4459DEC955A9BDB /* [CP] Check Pods Manifest.lock */,
				EF82D52A24DD7E9B004B3CFC /* Sources */,
				EF82D52B24DD7E9B004B3CFC /* Frameworks */,
				EF82D52C24DD7E9B004B3CFC /* Resources */,
				0CE45CB355C02DCA74D11DD9 /* [CP] Embed Pods Frameworks */,
			);
			buildRules = (
			);
			dependencies = (
			);
			name = RACDemo;
			productName = RACDemo;
			productReference = EF82D52E24DD7E9B004B3CFC /* RACDemo.app */;
			productType = "com.apple.product-type.application";
		};
/* End PBXNativeTarget section */

/* Begin PBXProject section */
		EF82D52624DD7E9B004B3CFC /* Project object */ = {
			isa = PBXProject;
			attributes = {
				LastUpgradeCheck = 1160;
				TargetAttributes = {
					EF82D52D24DD7E9B004B3CFC = {
						CreatedOnToolsVersion = 11.6;
					};
				};
			};
			buildConfigurationList = EF82D52924DD7E9B004B3CFC /* Build configuration list for PBXProject "RACDemo" */;
			compatibilityVersion = "Xcode 9.3";
			developmentRegion = en;
			hasScannedForEncodings = 0;
			knownRegions = (
				en,
				Base,
			);
			mainGroup = EF82D52524DD7E9B004B3CFC;
			productRefGroup = EF82D52F24DD7E9B004B3CFC /* Products */;
			projectDirPath = "";
			projectRoot = "";
			targets = (
				EF82D52D24DD7E9B004B3CFC /* RACDemo */,
			);
		};
/* End PBXProject section */

/* Begin PBXResourcesBuildPhase section */
		EF82D52C24DD7E9B004B3CFC /* Resources */ = {
			isa = PBXResourcesBuildPhase;
			buildActionMask = 2147483647;
			files = (
				EF82D54124DD7E9D004B3CFC /* LaunchScreen.storyboard in Resources */,
				EF82D53E24DD7E9D004B3CFC /* Assets.xcassets in Resources */,
				EF82D53C24DD7E9B004B3CFC /* Main.storyboard in Resources */,
			);
			runOnlyForDeploymentPostprocessing = 0;
		};
/* End PBXResourcesBuildPhase section */

/* Begin PBXShellScriptBuildPhase section */
		0CE45CB355C02DCA74D11DD9 /* [CP] Embed Pods Frameworks */ = {
			isa = PBXShellScriptBuildPhase;
			buildActionMask = 2147483647;
			files = (
			);
			inputFileListPaths = (
				"${PODS_ROOT}/Target Support Files/Pods-RACDemo/Pods-RACDemo-frameworks-${CONFIGURATION}-input-files.xcfilelist",
			);
			name = "[CP] Embed Pods Frameworks";
			outputFileListPaths = (
				"${PODS_ROOT}/Target Support Files/Pods-RACDemo/Pods-RACDemo-frameworks-${CONFIGURATION}-output-files.xcfilelist",
			);
			runOnlyForDeploymentPostprocessing = 0;
			shellPath = /bin/sh;
			shellScript = "\"${PODS_ROOT}/Target Support Files/Pods-RACDemo/Pods-RACDemo-frameworks.sh\"\n";
			showEnvVarsInLog = 0;
		};
		0DC07872D4459DEC955A9BDB /* [CP] Check Pods Manifest.lock */ = {
			isa = PBXShellScriptBuildPhase;
			buildActionMask = 2147483647;
			files = (
			);
			inputFileListPaths = (
			);
			inputPaths = (
				"${PODS_PODFILE_DIR_PATH}/Podfile.lock",
				"${PODS_ROOT}/Manifest.lock",
			);
			name = "[CP] Check Pods Manifest.lock";
			outputFileListPaths = (
			);
			outputPaths = (
				"$(DERIVED_FILE_DIR)/Pods-RACDemo-checkManifestLockResult.txt",
			);
			runOnlyForDeploymentPostprocessing = 0;
			shellPath = /bin/sh;
			shellScript = "diff \"${PODS_PODFILE_DIR_PATH}/Podfile.lock\" \"${PODS_ROOT}/Manifest.lock\" > /dev/null\nif [ $? != 0 ] ; then\n    # print error to STDERR\n    echo \"error: The sandbox is not in sync with the Podfile.lock. Run 'pod install' or update your CocoaPods installation.\" >&2\n    exit 1\nfi\n# This output is used by Xcode 'outputs' to avoid re-running this script phase.\necho \"SUCCESS\" > \"${SCRIPT_OUTPUT_FILE_0}\"\n";
			showEnvVarsInLog = 0;
		};
/* End PBXShellScriptBuildPhase section */

/* Begin PBXSourcesBuildPhase section */
		EF82D52A24DD7E9B004B3CFC /* Sources */ = {
			isa = PBXSourcesBuildPhase;
			buildActionMask = 2147483647;
			files = (
				EF82D53924DD7E9B004B3CFC /* ViewController.m in Sources */,
				EF82D53324DD7E9B004B3CFC /* AppDelegate.m in Sources */,
				EF82D54C24DD83A1004B3CFC /* Person.m in Sources */,
				EF82D54424DD7E9D004B3CFC /* main.m in Sources */,
			);
			runOnlyForDeploymentPostprocessing = 0;
		};
/* End PBXSourcesBuildPhase section */

/* Begin PBXVariantGroup section */
		EF82D53A24DD7E9B004B3CFC /* Main.storyboard */ = {
			isa = PBXVariantGroup;
			children = (
				EF82D53B24DD7E9B004B3CFC /* Base */,
			);
			name = Main.storyboard;
			sourceTree = "<group>";
		};
		EF82D53F24DD7E9D004B3CFC /* LaunchScreen.storyboard */ = {
			isa = PBXVariantGroup;
			children = (
				EF82D54024DD7E9D004B3CFC /* Base */,
			);
			name = LaunchScreen.storyboard;
			sourceTree = "<group>";
		};
/* End PBXVariantGroup section */

/* Begin XCBuildConfiguration section */
		EF82D54524DD7E9D004B3CFC /* Debug */ = {
			isa = XCBuildConfiguration;
			buildSettings = {
				ALWAYS_SEARCH_USER_PATHS = NO;
				CLANG_ANALYZER_NONNULL = YES;
				CLANG_ANALYZER_NUMBER_OBJECT_CONVERSION = YES_AGGRESSIVE;
				CLANG_CXX_LANGUAGE_STANDARD = "gnu++14";
				CLANG_CXX_LIBRARY = "libc++";
				CLANG_ENABLE_MODULES = YES;
				CLANG_ENABLE_OBJC_ARC = YES;
				CLANG_ENABLE_OBJC_WEAK = YES;
				CLANG_WARN_BLOCK_CAPTURE_AUTORELEASING = YES;
				CLANG_WARN_BOOL_CONVERSION = YES;
				CLANG_WARN_COMMA = YES;
				CLANG_WARN_CONSTANT_CONVERSION = YES;
				CLANG_WARN_DEPRECATED_OBJC_IMPLEMENTATIONS = YES;
				CLANG_WARN_DIRECT_OBJC_ISA_USAGE = YES_ERROR;
				CLANG_WARN_DOCUMENTATION_COMMENTS = YES;
				CLANG_WARN_EMPTY_BODY = YES;
				CLANG_WARN_ENUM_CONVERSION = YES;
				CLANG_WARN_INFINITE_RECURSION = YES;
				CLANG_WARN_INT_CONVERSION = YES;
				CLANG_WARN_NON_LITERAL_NULL_CONVERSION = YES;
				CLANG_WARN_OBJC_IMPLICIT_RETAIN_SELF = YES;
				CLANG_WARN_OBJC_LITERAL_CONVERSION = YES;
				CLANG_WARN_OBJC_ROOT_CLASS = YES_ERROR;
				CLANG_WARN_RANGE_LOOP_ANALYSIS = YES;
				CLANG_WARN_STRICT_PROTOTYPES = YES;
				CLANG_WARN_SUSPICIOUS_MOVE = YES;
				CLANG_WARN_UNGUARDED_AVAILABILITY = YES_AGGRESSIVE;
				CLANG_WARN_UNREACHABLE_CODE = YES;
				CLANG_WARN__DUPLICATE_METHOD_MATCH = YES;
				COPY_PHASE_STRIP = NO;
				DEBUG_INFORMATION_FORMAT = dwarf;
				ENABLE_STRICT_OBJC_MSGSEND = YES;
				ENABLE_TESTABILITY = YES;
				GCC_C_LANGUAGE_STANDARD = gnu11;
				GCC_DYNAMIC_NO_PIC = NO;
				GCC_NO_COMMON_BLOCKS = YES;
				GCC_OPTIMIZATION_LEVEL = 0;
				GCC_PREPROCESSOR_DEFINITIONS = (
					"DEBUG=1",
					"$(inherited)",
				);
				GCC_WARN_64_TO_32_BIT_CONVERSION = YES;
				GCC_WARN_ABOUT_RETURN_TYPE = YES_ERROR;
				GCC_WARN_UNDECLARED_SELECTOR = YES;
				GCC_WARN_UNINITIALIZED_AUTOS = YES_AGGRESSIVE;
				GCC_WARN_UNUSED_FUNCTION = YES;
				GCC_WARN_UNUSED_VARIABLE = YES;
				IPHONEOS_DEPLOYMENT_TARGET = 13.6;
				MTL_ENABLE_DEBUG_INFO = INCLUDE_SOURCE;
				MTL_FAST_MATH = YES;
				ONLY_ACTIVE_ARCH = YES;
				SDKROOT = iphoneos;
			};
			name = Debug;
		};
		EF82D54624DD7E9D004B3CFC /* Release */ = {
			isa = XCBuildConfiguration;
			buildSettings = {
				ALWAYS_SEARCH_USER_PATHS = NO;
				CLANG_ANALYZER_NONNULL = YES;
				CLANG_ANALYZER_NUMBER_OBJECT_CONVERSION = YES_AGGRESSIVE;
				CLANG_CXX_LANGUAGE_STANDARD = "gnu++14";
				CLANG_CXX_LIBRARY = "libc++";
				CLANG_ENABLE_MODULES = YES;
				CLANG_ENABLE_OBJC_ARC = YES;
				CLANG_ENABLE_OBJC_WEAK = YES;
				CLANG_WARN_BLOCK_CAPTURE_AUTORELEASING = YES;
				CLANG_WARN_BOOL_CONVERSION = YES;
				CLANG_WARN_COMMA = YES;
				CLANG_WARN_CONSTANT_CONVERSION = YES;
				CLANG_WARN_DEPRECATED_OBJC_IMPLEMENTATIONS = YES;
				CLANG_WARN_DIRECT_OBJC_ISA_USAGE = YES_ERROR;
				CLANG_WARN_DOCUMENTATION_COMMENTS = YES;
				CLANG_WARN_EMPTY_BODY = YES;
				CLANG_WARN_ENUM_CONVERSION = YES;
				CLANG_WARN_INFINITE_RECURSION = YES;
				CLANG_WARN_INT_CONVERSION = YES;
				CLANG_WARN_NON_LITERAL_NULL_CONVERSION = YES;
				CLANG_WARN_OBJC_IMPLICIT_RETAIN_SELF = YES;
				CLANG_WARN_OBJC_LITERAL_CONVERSION = YES;
				CLANG_WARN_OBJC_ROOT_CLASS = YES_ERROR;
				CLANG_WARN_RANGE_LOOP_ANALYSIS = YES;
				CLANG_WARN_STRICT_PROTOTYPES = YES;
				CLANG_WARN_SUSPICIOUS_MOVE = YES;
				CLANG_WARN_UNGUARDED_AVAILABILITY = YES_AGGRESSIVE;
				CLANG_WARN_UNREACHABLE_CODE = YES;
				CLANG_WARN__DUPLICATE_METHOD_MATCH = YES;
				COPY_PHASE_STRIP = NO;
				DEBUG_INFORMATION_FORMAT = "dwarf-with-dsym";
				ENABLE_NS_ASSERTIONS = NO;
				ENABLE_STRICT_OBJC_MSGSEND = YES;
				GCC_C_LANGUAGE_STANDARD = gnu11;
				GCC_NO_COMMON_BLOCKS = YES;
				GCC_WARN_64_TO_32_BIT_CONVERSION = YES;
				GCC_WARN_ABOUT_RETURN_TYPE = YES_ERROR;
				GCC_WARN_UNDECLARED_SELECTOR = YES;
				GCC_WARN_UNINITIALIZED_AUTOS = YES_AGGRESSIVE;
				GCC_WARN_UNUSED_FUNCTION = YES;
				GCC_WARN_UNUSED_VARIABLE = YES;
				IPHONEOS_DEPLOYMENT_TARGET = 13.6;
				MTL_ENABLE_DEBUG_INFO = NO;
				MTL_FAST_MATH = YES;
				SDKROOT = iphoneos;
				VALIDATE_PRODUCT = YES;
			};
			name = Release;
		};
		EF82D54824DD7E9D004B3CFC /* Debug */ = {
			isa = XCBuildConfiguration;
			baseConfigurationReference = 4AFE9866717CC6F55CD0406A /* Pods-RACDemo.debug.xcconfig */;
			buildSettings = {
				ASSETCATALOG_COMPILER_APPICON_NAME = AppIcon;
				CODE_SIGN_STYLE = Automatic;
				INFOPLIST_FILE = RACDemo/Info.plist;
				LD_RUNPATH_SEARCH_PATHS = (
					"$(inherited)",
					"@executable_path/Frameworks",
				);
				PRODUCT_BUNDLE_IDENTIFIER = learn.RACDemo;
				PRODUCT_NAME = "$(TARGET_NAME)";
				TARGETED_DEVICE_FAMILY = "1,2";
			};
			name = Debug;
		};
		EF82D54924DD7E9D004B3CFC /* Release */ = {
			isa = XCBuildConfiguration;
			baseConfigurationReference = 2C2B041F742B3C66A119D589 /* Pods-RACDemo.release.xcconfig */;
			buildSettings = {
				ASSETCATALOG_COMPILER_APPICON_NAME = AppIcon;
				CODE_SIGN_STYLE = Automatic;
				INFOPLIST_FILE = RACDemo/Info.plist;
				LD_RUNPATH_SEARCH_PATHS = (
					"$(inherited)",
					"@executable_path/Frameworks",
				);
				PRODUCT_BUNDLE_IDENTIFIER = learn.RACDemo;
				PRODUCT_NAME = "$(TARGET_NAME)";
				TARGETED_DEVICE_FAMILY = "1,2";
			};
			name = Release;
		};
/* End XCBuildConfiguration section */

/* Begin XCConfigurationList section */
		EF82D52924DD7E9B004B3CFC /* Build configuration list for PBXProject "RACDemo" */ = {
			isa = XCConfigurationList;
			buildConfigurations = (
				EF82D54524DD7E9D004B3CFC /* Debug */,
				EF82D54624DD7E9D004B3CFC /* Release */,
			);
			defaultConfigurationIsVisible = 0;
			defaultConfigurationName = Release;
		};
		EF82D54724DD7E9D004B3CFC /* Build configuration list for PBXNativeTarget "RACDemo" */ = {
			isa = XCConfigurationList;
			buildConfigurations = (
				EF82D54824DD7E9D004B3CFC /* Debug */,
				EF82D54924DD7E9D004B3CFC /* Release */,
			);
			defaultConfigurationIsVisible = 0;
			defaultConfigurationName = Release;
		};
/* End XCConfigurationList section */
	};
	rootObject = EF82D52624DD7E9B004B3CFC /* Project object */;
}
